
Microsoft Visual Studio Solution File, Format Version 12.00
# Visual Studio Version 17
VisualStudioVersion = 17.10.35122.118
MinimumVisualStudioVersion = 10.0.40219.1
Project("{FAE04EC0-301F-11D3-BF4B-00C04F79EFBC}") = "CleanArchitcutreAppAPI", "CleanArchitcutreApp\CleanArchitcutreAppAPI.csproj", "{E46D1ECF-8A89-4469-90F4-3E7A807D634A}"
EndProject
Project("{FAE04EC0-301F-11D3-BF4B-00C04F79EFBC}") = "Core", "Core\Core.csproj", "{E778A1F6-BC60-4493-92A8-E40BE453841E}"
EndProject
Project("{FAE04EC0-301F-11D3-BF4B-00C04F79EFBC}") = "Infrastracutre", "Infrastracutre\Infrastracutre.csproj", "{B2A180AC-8C3E-4F3C-AF68-61D130A68F8D}"
EndProject
Project("{FAE04EC0-301F-11D3-BF4B-00C04F79EFBC}") = "Data", "Data\Data.csproj", "{DF05268F-2B12-4654-9786-09251F854DA9}"
EndProject
Project("{FAE04EC0-301F-11D3-BF4B-00C04F79EFBC}") = "Service", "Service\Service.csproj", "{5CA54A1D-6D0D-4D46-8119-99FCC20071CB}"
EndProject
Global
	GlobalSection(SolutionConfigurationPlatforms) = preSolution
		Debug|Any CPU = Debug|Any CPU
		Release|Any CPU = Release|Any CPU
	EndGlobalSection
	GlobalSection(ProjectConfigurationPlatforms) = postSolution
		{E46D1ECF-8A89-4469-90F4-3E7A807D634A}.Debug|Any CPU.ActiveCfg = Debug|Any CPU
		{E46D1ECF-8A89-4469-90F4-3E7A807D634A}.Debug|Any CPU.Build.0 = Debug|Any CPU
		{E46D1ECF-8A89-4469-90F4-3E7A807D634A}.Release|Any CPU.ActiveCfg = Release|Any CPU
		{E46D1ECF-8A89-4469-90F4-3E7A807D634A}.Release|Any CPU.Build.0 = Release|Any CPU
		{E778A1F6-BC60-4493-92A8-E40BE453841E}.Debug|Any CPU.ActiveCfg = Debug|Any CPU
		{E778A1F6-BC60-4493-92A8-E40BE453841E}.Debug|Any CPU.Build.0 = Debug|Any CPU
		{E778A1F6-BC60-4493-92A8-E40BE453841E}.Release|Any CPU.ActiveCfg = Release|Any CPU
		{E778A1F6-BC60-4493-92A8-E40BE453841E}.Release|Any CPU.Build.0 = Release|Any CPU
		{B2A180AC-8C3E-4F3C-AF68-61D130A68F8D}.Debug|Any CPU.ActiveCfg = Debug|Any CPU
		{B2A180AC-8C3E-4F3C-AF68-61D130A68F8D}.Debug|Any CPU.Build.0 = Debug|Any CPU
		{B2A180AC-8C3E-4F3C-AF68-61D130A68F8D}.Release|Any CPU.ActiveCfg = Release|Any CPU
		{B2A180AC-8C3E-4F3C-AF68-61D130A68F8D}.Release|Any CPU.Build.0 = Release|Any CPU
		{DF05268F-2B12-4654-9786-09251F854DA9}.Debug|Any CPU.ActiveCfg = Debug|Any CPU
		{DF05268F-2B12-4654-9786-09251F854DA9}.Debug|Any CPU.Build.0 = Debug|Any CPU
		{DF05268F-2B12-4654-9786-09251F854DA9}.Release|Any CPU.ActiveCfg = Release|Any CPU
		{DF05268F-2B12-4654-9786-09251F854DA9}.Release|Any CPU.Build.0 = Release|Any CPU
		{5CA54A1D-6D0D-4D46-8119-99FCC20071CB}.Debug|Any CPU.ActiveCfg = Debug|Any CPU
		{5CA54A1D-6D0D-4D46-8119-99FCC20071CB}.Debug|Any CPU.Build.0 = Debug|Any CPU
		{5CA54A1D-6D0D-4D46-8119-99FCC20071CB}.Release|Any CPU.ActiveCfg = Release|Any CPU
		{5CA54A1D-6D0D-4D46-8119-99FCC20071CB}.Release|Any CPU.Build.0 = Release|Any CPU
	EndGlobalSection
	GlobalSection(SolutionProperties) = preSolution
		HideSolutionNode = FALSE
	EndGlobalSection
	GlobalSection(ExtensibilityGlobals) = postSolution
		SolutionGuid = {95FE9BB5-A980-4DB3-8854-911A51661201}
	EndGlobalSection
EndGlobal
